
Microsoft Visual Studio Solution File, Format Version 12.00
# Visual Studio Version 16
VisualStudioVersion = 16.0.30225.117
MinimumVisualStudioVersion = 10.0.40219.1
Project("{9A19103F-16F7-4668-BE54-9A1E7A4F7556}") = "Dayrise", "Dayrise.csproj", "{444770D2-8140-4CF9-856D-E00042F4BB69}"
EndProject
Global
	GlobalSection(SolutionConfigurationPlatforms) = preSolution
		Debug|Any CPU = Debug|Any CPU
		Release|Any CPU = Release|Any CPU
	EndGlobalSection
	GlobalSection(ProjectConfigurationPlatforms) = postSolution
		{444770D2-8140-4CF9-856D-E00042F4BB69}.Debug|Any CPU.ActiveCfg = Debug|Any CPU
		{444770D2-8140-4CF9-856D-E00042F4BB69}.Debug|Any CPU.Build.0 = Debug|Any CPU
		{444770D2-8140-4CF9-856D-E00042F4BB69}.Release|Any CPU.ActiveCfg = Release|Any CPU
		{444770D2-8140-4CF9-856D-E00042F4BB69}.Release|Any CPU.Build.0 = Release|Any CPU
	EndGlobalSection
	GlobalSection(SolutionProperties) = preSolution
		HideSolutionNode = FALSE
	EndGlobalSection
	GlobalSection(ExtensibilityGlobals) = postSolution
		SolutionGuid = {54194D20-9EBE-49C6-BF87-78F1FDE5362C}
	EndGlobalSection
EndGlobal
